# This file is automatically @generated by Cargo.
version = 4

[[package]]
name = "core-api"
version = "0.1.0"

[[package]]
name = "load-generator"
version = "0.1.0"

[[package]]
name = "messenger-core"
version = "0.1.0"
dependencies = ["messenger-protocol"]

[[package]]
name = "messenger-crypto"
version = "0.1.0"

[[package]]
name = "messenger-identity"
version = "0.1.0"

[[package]]
name = "messenger-protocol"
version = "0.1.0"

[[package]]
name = "network-lab"
version = "0.1.0"

[[package]]
name = "relay"
version = "0.1.0"
